
Microsoft Visual Studio Solution File, Format Version 12.00
# Visual Studio 14
VisualStudioVersion = 14.0.25420.1
MinimumVisualStudioVersion = 10.0.40219.1
Project("{D954291E-2A0B-460D-934E-DC6B0785DB48}") = "ListDetail", "ListDetail\ListDetail\ListDetail.shproj", "{B21EBA12-D756-4CF0-8C20-0A1B5A13D30B}"
EndProject
Project("{FAE04EC0-301F-11D3-BF4B-00C04F79EFBC}") = "ListDetail.iOS", "ListDetail\ListDetail.iOS\ListDetail.iOS.csproj", "{5E173FE9-8FC4-4CAE-A751-A7242FB3469C}"
EndProject
Project("{2150E333-8FDC-42A3-9474-1A3956D46DE8}") = "VideoRecorderDemo", "VideoRecorderDemo", "{FA66A2B0-29D8-441B-B7AB-C6DFB2C3F330}"
EndProject
Project("{D954291E-2A0B-460D-934E-DC6B0785DB48}") = "VideoRecorderDemo", "VideoRecorderDemo\VideoRecorderDemo\VideoRecorderDemo.shproj", "{BBB8B0E8-0B2F-4F7D-8B90-80814BD58811}"
EndProject
Project("{FAE04EC0-301F-11D3-BF4B-00C04F79EFBC}") = "VideoRecorderDemo.Android", "VideoRecorderDemo\VideoRecorderDemo.Android\VideoRecorderDemo.Android.csproj", "{B41D8E70-9819-4DBA-B88C-749CC0CA010B}"
EndProject
Project("{FAE04EC0-301F-11D3-BF4B-00C04F79EFBC}") = "VideoRecorderDemo.iOS", "VideoRecorderDemo\VideoRecorderDemo.iOS\VideoRecorderDemo.iOS.csproj", "{DDA0B77A-17B0-4680-9A8A-43294FAB61C6}"
EndProject
Project("{2150E333-8FDC-42A3-9474-1A3956D46DE8}") = "AudioRecorderDemo", "AudioRecorderDemo", "{8B73F7F4-E45E-42C2-8E2E-31410617BBCD}"
EndProject
Project("{D954291E-2A0B-460D-934E-DC6B0785DB48}") = "AudioRecorderDemo", "AudioRecorderDemo\AudioRecorderDemo\AudioRecorderDemo.shproj", "{34A200A6-124A-4E33-90E8-0BB3B0A2CD31}"
EndProject
Project("{FAE04EC0-301F-11D3-BF4B-00C04F79EFBC}") = "AudioRecorderDemo.Android", "AudioRecorderDemo\AudioRecorderDemo.Android\AudioRecorderDemo.Android.csproj", "{D3F99BED-D4C3-433D-BBC8-EAE9CD4C02AC}"
EndProject
Project("{FAE04EC0-301F-11D3-BF4B-00C04F79EFBC}") = "AudioRecorderDemo.iOS", "AudioRecorderDemo\AudioRecorderDemo.iOS\AudioRecorderDemo.iOS.csproj", "{57CA5644-9018-4D4C-A654-5AB4A9247CA0}"
EndProject
Project("{2150E333-8FDC-42A3-9474-1A3956D46DE8}") = "CurrentPositionMapDemo", "CurrentPositionMapDemo", "{A0DCD6D0-44AB-4472-B9F5-B880141711ED}"
EndProject
Project("{D954291E-2A0B-460D-934E-DC6B0785DB48}") = "CurrentPostitionMapDemo", "CurrentPostitionMapDemo\CurrentPostitionMapDemo\CurrentPostitionMapDemo.shproj", "{F5E8F920-32CB-4701-8BE1-2DEEF2085500}"
EndProject
Project("{FAE04EC0-301F-11D3-BF4B-00C04F79EFBC}") = "CurrentPostitionMapDemo.Android", "CurrentPostitionMapDemo\CurrentPostitionMapDemo.Android\CurrentPostitionMapDemo.Android.csproj", "{0911C7DB-3839-4305-9306-A83BB5D4B64E}"
EndProject
Project("{FAE04EC0-301F-11D3-BF4B-00C04F79EFBC}") = "CurrentPostitionMapDemo.iOS", "CurrentPostitionMapDemo\CurrentPostitionMapDemo.iOS\CurrentPostitionMapDemo.iOS.csproj", "{C971E1FE-EB49-4DE7-9063-B75B92B143B8}"
EndProject
Project("{2150E333-8FDC-42A3-9474-1A3956D46DE8}") = "CallMessageEmailDemo", "CallMessageEmailDemo", "{FE85135A-D790-4C95-A4FD-EF5D8F7B1CC7}"
EndProject
Project("{D954291E-2A0B-460D-934E-DC6B0785DB48}") = "CallMessageEmailDemo", "CallMessageEmailDemo\CallMessageEmailDemo\CallMessageEmailDemo.shproj", "{C2FA45E0-2584-4FDD-A0C0-6F25FAFC6E42}"
EndProject
Project("{FAE04EC0-301F-11D3-BF4B-00C04F79EFBC}") = "CallMessageEmailDemo.iOS", "CallMessageEmailDemo\CallMessageEmailDemo.iOS\CallMessageEmailDemo.iOS.csproj", "{7B360915-AB3B-4B61-BC89-993C37205A70}"
EndProject
Project("{FAE04EC0-301F-11D3-BF4B-00C04F79EFBC}") = "CallMessageEmailDemo.Android", "CallMessageEmailDemo\CallMessageEmailDemo.Android\CallMessageEmailDemo.Android.csproj", "{01A062B6-2A5C-4055-B115-B072CA804354}"
EndProject
Project("{9344BDBB-3E7F-41FC-A0DD-8665D75EE146}") = "ListDetail.Android", "ListDetail\ListDetail.Android\ListDetail.Android.csproj", "{325E29E5-10C8-4A30-83D9-ADBB2D5594BA}"
EndProject
Global
	GlobalSection(SharedMSBuildProjectFiles) = preSolution
		CallMessageEmailDemo\CallMessageEmailDemo\CallMessageEmailDemo.projitems*{01a062b6-2a5c-4055-b115-b072ca804354}*SharedItemsImports = 4
		ListDetail\ListDetail\ListDetail.projitems*{0619d48a-35cb-451f-a33d-412799dd820c}*SharedItemsImports = 4
		CurrentPostitionMapDemo\CurrentPostitionMapDemo\CurrentPostitionMapDemo.projitems*{0911c7db-3839-4305-9306-a83bb5d4b64e}*SharedItemsImports = 4
		AudioRecorderDemo\AudioRecorderDemo\AudioRecorderDemo.projitems*{34a200a6-124a-4e33-90e8-0bb3b0a2cd31}*SharedItemsImports = 13
		ListDetail\ListDetail\ListDetail.projitems*{5e173fe9-8fc4-4cae-a751-a7242fb3469c}*SharedItemsImports = 4
		CallMessageEmailDemo\CallMessageEmailDemo\CallMessageEmailDemo.projitems*{7b360915-ab3b-4b61-bc89-993c37205a70}*SharedItemsImports = 4
		ListDetail\ListDetail\ListDetail.projitems*{b21eba12-d756-4cf0-8c20-0a1b5a13d30b}*SharedItemsImports = 13
		VideoRecorderDemo\VideoRecorderDemo\VideoRecorderDemo.projitems*{b41d8e70-9819-4dba-b88c-749cc0ca010b}*SharedItemsImports = 4
		VideoRecorderDemo\VideoRecorderDemo\VideoRecorderDemo.projitems*{bbb8b0e8-0b2f-4f7d-8b90-80814bd58811}*SharedItemsImports = 13
		CallMessageEmailDemo\CallMessageEmailDemo\CallMessageEmailDemo.projitems*{c2fa45e0-2584-4fdd-a0c0-6f25fafc6e42}*SharedItemsImports = 13
		AudioRecorderDemo\AudioRecorderDemo\AudioRecorderDemo.projitems*{d3f99bed-d4c3-433d-bbc8-eae9cd4c02ac}*SharedItemsImports = 4
		CurrentPostitionMapDemo\CurrentPostitionMapDemo\CurrentPostitionMapDemo.projitems*{f5e8f920-32cb-4701-8be1-2deef2085500}*SharedItemsImports = 13
	EndGlobalSection
	GlobalSection(SolutionConfigurationPlatforms) = preSolution
		Ad-Hoc|Any CPU = Ad-Hoc|Any CPU
		Ad-Hoc|iPhone = Ad-Hoc|iPhone
		Ad-Hoc|iPhoneSimulator = Ad-Hoc|iPhoneSimulator
		AppStore|Any CPU = AppStore|Any CPU
		AppStore|iPhone = AppStore|iPhone
		AppStore|iPhoneSimulator = AppStore|iPhoneSimulator
		Debug|Any CPU = Debug|Any CPU
		Debug|iPhone = Debug|iPhone
		Debug|iPhoneSimulator = Debug|iPhoneSimulator
		Release|Any CPU = Release|Any CPU
		Release|iPhone = Release|iPhone
		Release|iPhoneSimulator = Release|iPhoneSimulator
	EndGlobalSection
	GlobalSection(ProjectConfigurationPlatforms) = postSolution
		{5E173FE9-8FC4-4CAE-A751-A7242FB3469C}.Ad-Hoc|Any CPU.ActiveCfg = Ad-Hoc|iPhone
		{5E173FE9-8FC4-4CAE-A751-A7242FB3469C}.Ad-Hoc|iPhone.ActiveCfg = Ad-Hoc|iPhone
		{5E173FE9-8FC4-4CAE-A751-A7242FB3469C}.Ad-Hoc|iPhone.Build.0 = Ad-Hoc|iPhone
		{5E173FE9-8FC4-4CAE-A751-A7242FB3469C}.Ad-Hoc|iPhoneSimulator.ActiveCfg = Ad-Hoc|iPhoneSimulator
		{5E173FE9-8FC4-4CAE-A751-A7242FB3469C}.Ad-Hoc|iPhoneSimulator.Build.0 = Ad-Hoc|iPhoneSimulator
		{5E173FE9-8FC4-4CAE-A751-A7242FB3469C}.AppStore|Any CPU.ActiveCfg = AppStore|iPhone
		{5E173FE9-8FC4-4CAE-A751-A7242FB3469C}.AppStore|iPhone.ActiveCfg = AppStore|iPhone
		{5E173FE9-8FC4-4CAE-A751-A7242FB3469C}.AppStore|iPhone.Build.0 = AppStore|iPhone
		{5E173FE9-8FC4-4CAE-A751-A7242FB3469C}.AppStore|iPhoneSimulator.ActiveCfg = AppStore|iPhoneSimulator
		{5E173FE9-8FC4-4CAE-A751-A7242FB3469C}.AppStore|iPhoneSimulator.Build.0 = AppStore|iPhoneSimulator
		{5E173FE9-8FC4-4CAE-A751-A7242FB3469C}.Debug|Any CPU.ActiveCfg = Debug|iPhone
		{5E173FE9-8FC4-4CAE-A751-A7242FB3469C}.Debug|iPhone.ActiveCfg = Debug|iPhone
		{5E173FE9-8FC4-4CAE-A751-A7242FB3469C}.Debug|iPhone.Build.0 = Debug|iPhone
		{5E173FE9-8FC4-4CAE-A751-A7242FB3469C}.Debug|iPhoneSimulator.ActiveCfg = Debug|iPhoneSimulator
		{5E173FE9-8FC4-4CAE-A751-A7242FB3469C}.Debug|iPhoneSimulator.Build.0 = Debug|iPhoneSimulator
		{5E173FE9-8FC4-4CAE-A751-A7242FB3469C}.Release|Any CPU.ActiveCfg = Release|iPhone
		{5E173FE9-8FC4-4CAE-A751-A7242FB3469C}.Release|iPhone.ActiveCfg = Release|iPhone
		{5E173FE9-8FC4-4CAE-A751-A7242FB3469C}.Release|iPhone.Build.0 = Release|iPhone
		{5E173FE9-8FC4-4CAE-A751-A7242FB3469C}.Release|iPhoneSimulator.ActiveCfg = Release|iPhoneSimulator
		{5E173FE9-8FC4-4CAE-A751-A7242FB3469C}.Release|iPhoneSimulator.Build.0 = Release|iPhoneSimulator
		{B41D8E70-9819-4DBA-B88C-749CC0CA010B}.Ad-Hoc|Any CPU.ActiveCfg = Release|Any CPU
		{B41D8E70-9819-4DBA-B88C-749CC0CA010B}.Ad-Hoc|Any CPU.Build.0 = Release|Any CPU
		{B41D8E70-9819-4DBA-B88C-749CC0CA010B}.Ad-Hoc|Any CPU.Deploy.0 = Release|Any CPU
		{B41D8E70-9819-4DBA-B88C-749CC0CA010B}.Ad-Hoc|iPhone.ActiveCfg = Release|Any CPU
		{B41D8E70-9819-4DBA-B88C-749CC0CA010B}.Ad-Hoc|iPhone.Build.0 = Release|Any CPU
		{B41D8E70-9819-4DBA-B88C-749CC0CA010B}.Ad-Hoc|iPhone.Deploy.0 = Release|Any CPU
		{B41D8E70-9819-4DBA-B88C-749CC0CA010B}.Ad-Hoc|iPhoneSimulator.ActiveCfg = Release|Any CPU
		{B41D8E70-9819-4DBA-B88C-749CC0CA010B}.Ad-Hoc|iPhoneSimulator.Build.0 = Release|Any CPU
		{B41D8E70-9819-4DBA-B88C-749CC0CA010B}.Ad-Hoc|iPhoneSimulator.Deploy.0 = Release|Any CPU
		{B41D8E70-9819-4DBA-B88C-749CC0CA010B}.AppStore|Any CPU.ActiveCfg = Release|Any CPU
		{B41D8E70-9819-4DBA-B88C-749CC0CA010B}.AppStore|Any CPU.Build.0 = Release|Any CPU
		{B41D8E70-9819-4DBA-B88C-749CC0CA010B}.AppStore|Any CPU.Deploy.0 = Release|Any CPU
		{B41D8E70-9819-4DBA-B88C-749CC0CA010B}.AppStore|iPhone.ActiveCfg = Release|Any CPU
		{B41D8E70-9819-4DBA-B88C-749CC0CA010B}.AppStore|iPhone.Build.0 = Release|Any CPU
		{B41D8E70-9819-4DBA-B88C-749CC0CA010B}.AppStore|iPhone.Deploy.0 = Release|Any CPU
		{B41D8E70-9819-4DBA-B88C-749CC0CA010B}.AppStore|iPhoneSimulator.ActiveCfg = Release|Any CPU
		{B41D8E70-9819-4DBA-B88C-749CC0CA010B}.AppStore|iPhoneSimulator.Build.0 = Release|Any CPU
		{B41D8E70-9819-4DBA-B88C-749CC0CA010B}.AppStore|iPhoneSimulator.Deploy.0 = Release|Any CPU
		{B41D8E70-9819-4DBA-B88C-749CC0CA010B}.Debug|Any CPU.ActiveCfg = Debug|Any CPU
		{B41D8E70-9819-4DBA-B88C-749CC0CA010B}.Debug|Any CPU.Build.0 = Debug|Any CPU
		{B41D8E70-9819-4DBA-B88C-749CC0CA010B}.Debug|Any CPU.Deploy.0 = Debug|Any CPU
		{B41D8E70-9819-4DBA-B88C-749CC0CA010B}.Debug|iPhone.ActiveCfg = Debug|Any CPU
		{B41D8E70-9819-4DBA-B88C-749CC0CA010B}.Debug|iPhone.Build.0 = Debug|Any CPU
		{B41D8E70-9819-4DBA-B88C-749CC0CA010B}.Debug|iPhone.Deploy.0 = Debug|Any CPU
		{B41D8E70-9819-4DBA-B88C-749CC0CA010B}.Debug|iPhoneSimulator.ActiveCfg = Debug|Any CPU
		{B41D8E70-9819-4DBA-B88C-749CC0CA010B}.Debug|iPhoneSimulator.Build.0 = Debug|Any CPU
		{B41D8E70-9819-4DBA-B88C-749CC0CA010B}.Debug|iPhoneSimulator.Deploy.0 = Debug|Any CPU
		{B41D8E70-9819-4DBA-B88C-749CC0CA010B}.Release|Any CPU.ActiveCfg = Release|Any CPU
		{B41D8E70-9819-4DBA-B88C-749CC0CA010B}.Release|Any CPU.Build.0 = Release|Any CPU
		{B41D8E70-9819-4DBA-B88C-749CC0CA010B}.Release|Any CPU.Deploy.0 = Release|Any CPU
		{B41D8E70-9819-4DBA-B88C-749CC0CA010B}.Release|iPhone.ActiveCfg = Release|Any CPU
		{B41D8E70-9819-4DBA-B88C-749CC0CA010B}.Release|iPhone.Build.0 = Release|Any CPU
		{B41D8E70-9819-4DBA-B88C-749CC0CA010B}.Release|iPhone.Deploy.0 = Release|Any CPU
		{B41D8E70-9819-4DBA-B88C-749CC0CA010B}.Release|iPhoneSimulator.ActiveCfg = Release|Any CPU
		{B41D8E70-9819-4DBA-B88C-749CC0CA010B}.Release|iPhoneSimulator.Build.0 = Release|Any CPU
		{B41D8E70-9819-4DBA-B88C-749CC0CA010B}.Release|iPhoneSimulator.Deploy.0 = Release|Any CPU
		{DDA0B77A-17B0-4680-9A8A-43294FAB61C6}.Ad-Hoc|Any CPU.ActiveCfg = Ad-Hoc|iPhone
		{DDA0B77A-17B0-4680-9A8A-43294FAB61C6}.Ad-Hoc|iPhone.ActiveCfg = Ad-Hoc|iPhone
		{DDA0B77A-17B0-4680-9A8A-43294FAB61C6}.Ad-Hoc|iPhone.Build.0 = Ad-Hoc|iPhone
		{DDA0B77A-17B0-4680-9A8A-43294FAB61C6}.Ad-Hoc|iPhoneSimulator.ActiveCfg = Ad-Hoc|iPhoneSimulator
		{DDA0B77A-17B0-4680-9A8A-43294FAB61C6}.Ad-Hoc|iPhoneSimulator.Build.0 = Ad-Hoc|iPhoneSimulator
		{DDA0B77A-17B0-4680-9A8A-43294FAB61C6}.AppStore|Any CPU.ActiveCfg = AppStore|iPhone
		{DDA0B77A-17B0-4680-9A8A-43294FAB61C6}.AppStore|iPhone.ActiveCfg = AppStore|iPhone
		{DDA0B77A-17B0-4680-9A8A-43294FAB61C6}.AppStore|iPhone.Build.0 = AppStore|iPhone
		{DDA0B77A-17B0-4680-9A8A-43294FAB61C6}.AppStore|iPhoneSimulator.ActiveCfg = AppStore|iPhoneSimulator
		{DDA0B77A-17B0-4680-9A8A-43294FAB61C6}.AppStore|iPhoneSimulator.Build.0 = AppStore|iPhoneSimulator
		{DDA0B77A-17B0-4680-9A8A-43294FAB61C6}.Debug|Any CPU.ActiveCfg = Debug|iPhone
		{DDA0B77A-17B0-4680-9A8A-43294FAB61C6}.Debug|iPhone.ActiveCfg = Debug|iPhone
		{DDA0B77A-17B0-4680-9A8A-43294FAB61C6}.Debug|iPhone.Build.0 = Debug|iPhone
		{DDA0B77A-17B0-4680-9A8A-43294FAB61C6}.Debug|iPhoneSimulator.ActiveCfg = Debug|iPhoneSimulator
		{DDA0B77A-17B0-4680-9A8A-43294FAB61C6}.Debug|iPhoneSimulator.Build.0 = Debug|iPhoneSimulator
		{DDA0B77A-17B0-4680-9A8A-43294FAB61C6}.Release|Any CPU.ActiveCfg = Release|iPhone
		{DDA0B77A-17B0-4680-9A8A-43294FAB61C6}.Release|iPhone.ActiveCfg = Release|iPhone
		{DDA0B77A-17B0-4680-9A8A-43294FAB61C6}.Release|iPhone.Build.0 = Release|iPhone
		{DDA0B77A-17B0-4680-9A8A-43294FAB61C6}.Release|iPhoneSimulator.ActiveCfg = Release|iPhoneSimulator
		{DDA0B77A-17B0-4680-9A8A-43294FAB61C6}.Release|iPhoneSimulator.Build.0 = Release|iPhoneSimulator
		{D3F99BED-D4C3-433D-BBC8-EAE9CD4C02AC}.Ad-Hoc|Any CPU.ActiveCfg = Release|Any CPU
		{D3F99BED-D4C3-433D-BBC8-EAE9CD4C02AC}.Ad-Hoc|Any CPU.Build.0 = Release|Any CPU
		{D3F99BED-D4C3-433D-BBC8-EAE9CD4C02AC}.Ad-Hoc|Any CPU.Deploy.0 = Release|Any CPU
		{D3F99BED-D4C3-433D-BBC8-EAE9CD4C02AC}.Ad-Hoc|iPhone.ActiveCfg = Release|Any CPU
		{D3F99BED-D4C3-433D-BBC8-EAE9CD4C02AC}.Ad-Hoc|iPhone.Build.0 = Release|Any CPU
		{D3F99BED-D4C3-433D-BBC8-EAE9CD4C02AC}.Ad-Hoc|iPhone.Deploy.0 = Release|Any CPU
		{D3F99BED-D4C3-433D-BBC8-EAE9CD4C02AC}.Ad-Hoc|iPhoneSimulator.ActiveCfg = Release|Any CPU
		{D3F99BED-D4C3-433D-BBC8-EAE9CD4C02AC}.Ad-Hoc|iPhoneSimulator.Build.0 = Release|Any CPU
		{D3F99BED-D4C3-433D-BBC8-EAE9CD4C02AC}.Ad-Hoc|iPhoneSimulator.Deploy.0 = Release|Any CPU
		{D3F99BED-D4C3-433D-BBC8-EAE9CD4C02AC}.AppStore|Any CPU.ActiveCfg = Release|Any CPU
		{D3F99BED-D4C3-433D-BBC8-EAE9CD4C02AC}.AppStore|Any CPU.Build.0 = Release|Any CPU
		{D3F99BED-D4C3-433D-BBC8-EAE9CD4C02AC}.AppStore|Any CPU.Deploy.0 = Release|Any CPU
		{D3F99BED-D4C3-433D-BBC8-EAE9CD4C02AC}.AppStore|iPhone.ActiveCfg = Release|Any CPU
		{D3F99BED-D4C3-433D-BBC8-EAE9CD4C02AC}.AppStore|iPhone.Build.0 = Release|Any CPU
		{D3F99BED-D4C3-433D-BBC8-EAE9CD4C02AC}.AppStore|iPhone.Deploy.0 = Release|Any CPU
		{D3F99BED-D4C3-433D-BBC8-EAE9CD4C02AC}.AppStore|iPhoneSimulator.ActiveCfg = Release|Any CPU
		{D3F99BED-D4C3-433D-BBC8-EAE9CD4C02AC}.AppStore|iPhoneSimulator.Build.0 = Release|Any CPU
		{D3F99BED-D4C3-433D-BBC8-EAE9CD4C02AC}.AppStore|iPhoneSimulator.Deploy.0 = Release|Any CPU
		{D3F99BED-D4C3-433D-BBC8-EAE9CD4C02AC}.Debug|Any CPU.ActiveCfg = Debug|Any CPU
		{D3F99BED-D4C3-433D-BBC8-EAE9CD4C02AC}.Debug|Any CPU.Build.0 = Debug|Any CPU
		{D3F99BED-D4C3-433D-BBC8-EAE9CD4C02AC}.Debug|Any CPU.Deploy.0 = Debug|Any CPU
		{D3F99BED-D4C3-433D-BBC8-EAE9CD4C02AC}.Debug|iPhone.ActiveCfg = Debug|Any CPU
		{D3F99BED-D4C3-433D-BBC8-EAE9CD4C02AC}.Debug|iPhone.Build.0 = Debug|Any CPU
		{D3F99BED-D4C3-433D-BBC8-EAE9CD4C02AC}.Debug|iPhone.Deploy.0 = Debug|Any CPU
		{D3F99BED-D4C3-433D-BBC8-EAE9CD4C02AC}.Debug|iPhoneSimulator.ActiveCfg = Debug|Any CPU
		{D3F99BED-D4C3-433D-BBC8-EAE9CD4C02AC}.Debug|iPhoneSimulator.Build.0 = Debug|Any CPU
		{D3F99BED-D4C3-433D-BBC8-EAE9CD4C02AC}.Debug|iPhoneSimulator.Deploy.0 = Debug|Any CPU
		{D3F99BED-D4C3-433D-BBC8-EAE9CD4C02AC}.Release|Any CPU.ActiveCfg = Release|Any CPU
		{D3F99BED-D4C3-433D-BBC8-EAE9CD4C02AC}.Release|Any CPU.Build.0 = Release|Any CPU
		{D3F99BED-D4C3-433D-BBC8-EAE9CD4C02AC}.Release|Any CPU.Deploy.0 = Release|Any CPU
		{D3F99BED-D4C3-433D-BBC8-EAE9CD4C02AC}.Release|iPhone.ActiveCfg = Release|Any CPU
		{D3F99BED-D4C3-433D-BBC8-EAE9CD4C02AC}.Release|iPhone.Build.0 = Release|Any CPU
		{D3F99BED-D4C3-433D-BBC8-EAE9CD4C02AC}.Release|iPhone.Deploy.0 = Release|Any CPU
		{D3F99BED-D4C3-433D-BBC8-EAE9CD4C02AC}.Release|iPhoneSimulator.ActiveCfg = Release|Any CPU
		{D3F99BED-D4C3-433D-BBC8-EAE9CD4C02AC}.Release|iPhoneSimulator.Build.0 = Release|Any CPU
		{D3F99BED-D4C3-433D-BBC8-EAE9CD4C02AC}.Release|iPhoneSimulator.Deploy.0 = Release|Any CPU
		{57CA5644-9018-4D4C-A654-5AB4A9247CA0}.Ad-Hoc|Any CPU.ActiveCfg = Ad-Hoc|iPhone
		{57CA5644-9018-4D4C-A654-5AB4A9247CA0}.Ad-Hoc|iPhone.ActiveCfg = Ad-Hoc|iPhone
		{57CA5644-9018-4D4C-A654-5AB4A9247CA0}.Ad-Hoc|iPhone.Build.0 = Ad-Hoc|iPhone
		{57CA5644-9018-4D4C-A654-5AB4A9247CA0}.Ad-Hoc|iPhoneSimulator.ActiveCfg = Ad-Hoc|iPhoneSimulator
		{57CA5644-9018-4D4C-A654-5AB4A9247CA0}.Ad-Hoc|iPhoneSimulator.Build.0 = Ad-Hoc|iPhoneSimulator
		{57CA5644-9018-4D4C-A654-5AB4A9247CA0}.AppStore|Any CPU.ActiveCfg = AppStore|iPhone
		{57CA5644-9018-4D4C-A654-5AB4A9247CA0}.AppStore|iPhone.ActiveCfg = AppStore|iPhone
		{57CA5644-9018-4D4C-A654-5AB4A9247CA0}.AppStore|iPhone.Build.0 = AppStore|iPhone
		{57CA5644-9018-4D4C-A654-5AB4A9247CA0}.AppStore|iPhoneSimulator.ActiveCfg = AppStore|iPhoneSimulator
		{57CA5644-9018-4D4C-A654-5AB4A9247CA0}.AppStore|iPhoneSimulator.Build.0 = AppStore|iPhoneSimulator
		{57CA5644-9018-4D4C-A654-5AB4A9247CA0}.Debug|Any CPU.ActiveCfg = Debug|iPhone
		{57CA5644-9018-4D4C-A654-5AB4A9247CA0}.Debug|iPhone.ActiveCfg = Debug|iPhone
		{57CA5644-9018-4D4C-A654-5AB4A9247CA0}.Debug|iPhone.Build.0 = Debug|iPhone
		{57CA5644-9018-4D4C-A654-5AB4A9247CA0}.Debug|iPhoneSimulator.ActiveCfg = Debug|iPhoneSimulator
		{57CA5644-9018-4D4C-A654-5AB4A9247CA0}.Debug|iPhoneSimulator.Build.0 = Debug|iPhoneSimulator
		{57CA5644-9018-4D4C-A654-5AB4A9247CA0}.Release|Any CPU.ActiveCfg = Release|iPhone
		{57CA5644-9018-4D4C-A654-5AB4A9247CA0}.Release|iPhone.ActiveCfg = Release|iPhone
		{57CA5644-9018-4D4C-A654-5AB4A9247CA0}.Release|iPhone.Build.0 = Release|iPhone
		{57CA5644-9018-4D4C-A654-5AB4A9247CA0}.Release|iPhoneSimulator.ActiveCfg = Release|iPhoneSimulator
		{57CA5644-9018-4D4C-A654-5AB4A9247CA0}.Release|iPhoneSimulator.Build.0 = Release|iPhoneSimulator
		{0911C7DB-3839-4305-9306-A83BB5D4B64E}.Ad-Hoc|Any CPU.ActiveCfg = Release|Any CPU
		{0911C7DB-3839-4305-9306-A83BB5D4B64E}.Ad-Hoc|Any CPU.Build.0 = Release|Any CPU
		{0911C7DB-3839-4305-9306-A83BB5D4B64E}.Ad-Hoc|Any CPU.Deploy.0 = Release|Any CPU
		{0911C7DB-3839-4305-9306-A83BB5D4B64E}.Ad-Hoc|iPhone.ActiveCfg = Release|Any CPU
		{0911C7DB-3839-4305-9306-A83BB5D4B64E}.Ad-Hoc|iPhone.Build.0 = Release|Any CPU
		{0911C7DB-3839-4305-9306-A83BB5D4B64E}.Ad-Hoc|iPhone.Deploy.0 = Release|Any CPU
		{0911C7DB-3839-4305-9306-A83BB5D4B64E}.Ad-Hoc|iPhoneSimulator.ActiveCfg = Release|Any CPU
		{0911C7DB-3839-4305-9306-A83BB5D4B64E}.Ad-Hoc|iPhoneSimulator.Build.0 = Release|Any CPU
		{0911C7DB-3839-4305-9306-A83BB5D4B64E}.Ad-Hoc|iPhoneSimulator.Deploy.0 = Release|Any CPU
		{0911C7DB-3839-4305-9306-A83BB5D4B64E}.AppStore|Any CPU.ActiveCfg = Release|Any CPU
		{0911C7DB-3839-4305-9306-A83BB5D4B64E}.AppStore|Any CPU.Build.0 = Release|Any CPU
		{0911C7DB-3839-4305-9306-A83BB5D4B64E}.AppStore|Any CPU.Deploy.0 = Release|Any CPU
		{0911C7DB-3839-4305-9306-A83BB5D4B64E}.AppStore|iPhone.ActiveCfg = Release|Any CPU
		{0911C7DB-3839-4305-9306-A83BB5D4B64E}.AppStore|iPhone.Build.0 = Release|Any CPU
		{0911C7DB-3839-4305-9306-A83BB5D4B64E}.AppStore|iPhone.Deploy.0 = Release|Any CPU
		{0911C7DB-3839-4305-9306-A83BB5D4B64E}.AppStore|iPhoneSimulator.ActiveCfg = Release|Any CPU
		{0911C7DB-3839-4305-9306-A83BB5D4B64E}.AppStore|iPhoneSimulator.Build.0 = Release|Any CPU
		{0911C7DB-3839-4305-9306-A83BB5D4B64E}.AppStore|iPhoneSimulator.Deploy.0 = Release|Any CPU
		{0911C7DB-3839-4305-9306-A83BB5D4B64E}.Debug|Any CPU.ActiveCfg = Debug|Any CPU
		{0911C7DB-3839-4305-9306-A83BB5D4B64E}.Debug|Any CPU.Build.0 = Debug|Any CPU
		{0911C7DB-3839-4305-9306-A83BB5D4B64E}.Debug|Any CPU.Deploy.0 = Debug|Any CPU
		{0911C7DB-3839-4305-9306-A83BB5D4B64E}.Debug|iPhone.ActiveCfg = Debug|Any CPU
		{0911C7DB-3839-4305-9306-A83BB5D4B64E}.Debug|iPhone.Build.0 = Debug|Any CPU
		{0911C7DB-3839-4305-9306-A83BB5D4B64E}.Debug|iPhone.Deploy.0 = Debug|Any CPU
		{0911C7DB-3839-4305-9306-A83BB5D4B64E}.Debug|iPhoneSimulator.ActiveCfg = Debug|Any CPU
		{0911C7DB-3839-4305-9306-A83BB5D4B64E}.Debug|iPhoneSimulator.Build.0 = Debug|Any CPU
		{0911C7DB-3839-4305-9306-A83BB5D4B64E}.Debug|iPhoneSimulator.Deploy.0 = Debug|Any CPU
		{0911C7DB-3839-4305-9306-A83BB5D4B64E}.Release|Any CPU.ActiveCfg = Release|Any CPU
		{0911C7DB-3839-4305-9306-A83BB5D4B64E}.Release|Any CPU.Build.0 = Release|Any CPU
		{0911C7DB-3839-4305-9306-A83BB5D4B64E}.Release|Any CPU.Deploy.0 = Release|Any CPU
		{0911C7DB-3839-4305-9306-A83BB5D4B64E}.Release|iPhone.ActiveCfg = Release|Any CPU
		{0911C7DB-3839-4305-9306-A83BB5D4B64E}.Release|iPhone.Build.0 = Release|Any CPU
		{0911C7DB-3839-4305-9306-A83BB5D4B64E}.Release|iPhone.Deploy.0 = Release|Any CPU
		{0911C7DB-3839-4305-9306-A83BB5D4B64E}.Release|iPhoneSimulator.ActiveCfg = Release|Any CPU
		{0911C7DB-3839-4305-9306-A83BB5D4B64E}.Release|iPhoneSimulator.Build.0 = Release|Any CPU
		{0911C7DB-3839-4305-9306-A83BB5D4B64E}.Release|iPhoneSimulator.Deploy.0 = Release|Any CPU
		{C971E1FE-EB49-4DE7-9063-B75B92B143B8}.Ad-Hoc|Any CPU.ActiveCfg = Ad-Hoc|iPhone
		{C971E1FE-EB49-4DE7-9063-B75B92B143B8}.Ad-Hoc|iPhone.ActiveCfg = Ad-Hoc|iPhone
		{C971E1FE-EB49-4DE7-9063-B75B92B143B8}.Ad-Hoc|iPhone.Build.0 = Ad-Hoc|iPhone
		{C971E1FE-EB49-4DE7-9063-B75B92B143B8}.Ad-Hoc|iPhoneSimulator.ActiveCfg = Ad-Hoc|iPhoneSimulator
		{C971E1FE-EB49-4DE7-9063-B75B92B143B8}.Ad-Hoc|iPhoneSimulator.Build.0 = Ad-Hoc|iPhoneSimulator
		{C971E1FE-EB49-4DE7-9063-B75B92B143B8}.AppStore|Any CPU.ActiveCfg = AppStore|iPhone
		{C971E1FE-EB49-4DE7-9063-B75B92B143B8}.AppStore|iPhone.ActiveCfg = AppStore|iPhone
		{C971E1FE-EB49-4DE7-9063-B75B92B143B8}.AppStore|iPhone.Build.0 = AppStore|iPhone
		{C971E1FE-EB49-4DE7-9063-B75B92B143B8}.AppStore|iPhoneSimulator.ActiveCfg = AppStore|iPhoneSimulator
		{C971E1FE-EB49-4DE7-9063-B75B92B143B8}.AppStore|iPhoneSimulator.Build.0 = AppStore|iPhoneSimulator
		{C971E1FE-EB49-4DE7-9063-B75B92B143B8}.Debug|Any CPU.ActiveCfg = Debug|iPhone
		{C971E1FE-EB49-4DE7-9063-B75B92B143B8}.Debug|iPhone.ActiveCfg = Debug|iPhone
		{C971E1FE-EB49-4DE7-9063-B75B92B143B8}.Debug|iPhone.Build.0 = Debug|iPhone
		{C971E1FE-EB49-4DE7-9063-B75B92B143B8}.Debug|iPhoneSimulator.ActiveCfg = Debug|iPhoneSimulator
		{C971E1FE-EB49-4DE7-9063-B75B92B143B8}.Debug|iPhoneSimulator.Build.0 = Debug|iPhoneSimulator
		{C971E1FE-EB49-4DE7-9063-B75B92B143B8}.Release|Any CPU.ActiveCfg = Release|iPhone
		{C971E1FE-EB49-4DE7-9063-B75B92B143B8}.Release|iPhone.ActiveCfg = Release|iPhone
		{C971E1FE-EB49-4DE7-9063-B75B92B143B8}.Release|iPhone.Build.0 = Release|iPhone
		{C971E1FE-EB49-4DE7-9063-B75B92B143B8}.Release|iPhoneSimulator.ActiveCfg = Release|iPhoneSimulator
		{C971E1FE-EB49-4DE7-9063-B75B92B143B8}.Release|iPhoneSimulator.Build.0 = Release|iPhoneSimulator
		{7B360915-AB3B-4B61-BC89-993C37205A70}.Ad-Hoc|Any CPU.ActiveCfg = Ad-Hoc|iPhone
		{7B360915-AB3B-4B61-BC89-993C37205A70}.Ad-Hoc|iPhone.ActiveCfg = Ad-Hoc|iPhone
		{7B360915-AB3B-4B61-BC89-993C37205A70}.Ad-Hoc|iPhone.Build.0 = Ad-Hoc|iPhone
		{7B360915-AB3B-4B61-BC89-993C37205A70}.Ad-Hoc|iPhoneSimulator.ActiveCfg = Ad-Hoc|iPhoneSimulator
		{7B360915-AB3B-4B61-BC89-993C37205A70}.Ad-Hoc|iPhoneSimulator.Build.0 = Ad-Hoc|iPhoneSimulator
		{7B360915-AB3B-4B61-BC89-993C37205A70}.AppStore|Any CPU.ActiveCfg = AppStore|iPhone
		{7B360915-AB3B-4B61-BC89-993C37205A70}.AppStore|iPhone.ActiveCfg = AppStore|iPhone
		{7B360915-AB3B-4B61-BC89-993C37205A70}.AppStore|iPhone.Build.0 = AppStore|iPhone
		{7B360915-AB3B-4B61-BC89-993C37205A70}.AppStore|iPhoneSimulator.ActiveCfg = AppStore|iPhoneSimulator
		{7B360915-AB3B-4B61-BC89-993C37205A70}.AppStore|iPhoneSimulator.Build.0 = AppStore|iPhoneSimulator
		{7B360915-AB3B-4B61-BC89-993C37205A70}.Debug|Any CPU.ActiveCfg = Debug|iPhone
		{7B360915-AB3B-4B61-BC89-993C37205A70}.Debug|iPhone.ActiveCfg = Debug|iPhone
		{7B360915-AB3B-4B61-BC89-993C37205A70}.Debug|iPhone.Build.0 = Debug|iPhone
		{7B360915-AB3B-4B61-BC89-993C37205A70}.Debug|iPhoneSimulator.ActiveCfg = Debug|iPhoneSimulator
		{7B360915-AB3B-4B61-BC89-993C37205A70}.Debug|iPhoneSimulator.Build.0 = Debug|iPhoneSimulator
		{7B360915-AB3B-4B61-BC89-993C37205A70}.Release|Any CPU.ActiveCfg = Release|iPhone
		{7B360915-AB3B-4B61-BC89-993C37205A70}.Release|iPhone.ActiveCfg = Release|iPhone
		{7B360915-AB3B-4B61-BC89-993C37205A70}.Release|iPhone.Build.0 = Release|iPhone
		{7B360915-AB3B-4B61-BC89-993C37205A70}.Release|iPhoneSimulator.ActiveCfg = Release|iPhoneSimulator
		{7B360915-AB3B-4B61-BC89-993C37205A70}.Release|iPhoneSimulator.Build.0 = Release|iPhoneSimulator
		{01A062B6-2A5C-4055-B115-B072CA804354}.Ad-Hoc|Any CPU.ActiveCfg = Release|Any CPU
		{01A062B6-2A5C-4055-B115-B072CA804354}.Ad-Hoc|Any CPU.Build.0 = Release|Any CPU
		{01A062B6-2A5C-4055-B115-B072CA804354}.Ad-Hoc|Any CPU.Deploy.0 = Release|Any CPU
		{01A062B6-2A5C-4055-B115-B072CA804354}.Ad-Hoc|iPhone.ActiveCfg = Release|Any CPU
		{01A062B6-2A5C-4055-B115-B072CA804354}.Ad-Hoc|iPhone.Build.0 = Release|Any CPU
		{01A062B6-2A5C-4055-B115-B072CA804354}.Ad-Hoc|iPhone.Deploy.0 = Release|Any CPU
		{01A062B6-2A5C-4055-B115-B072CA804354}.Ad-Hoc|iPhoneSimulator.ActiveCfg = Release|Any CPU
		{01A062B6-2A5C-4055-B115-B072CA804354}.Ad-Hoc|iPhoneSimulator.Build.0 = Release|Any CPU
		{01A062B6-2A5C-4055-B115-B072CA804354}.Ad-Hoc|iPhoneSimulator.Deploy.0 = Release|Any CPU
		{01A062B6-2A5C-4055-B115-B072CA804354}.AppStore|Any CPU.ActiveCfg = Release|Any CPU
		{01A062B6-2A5C-4055-B115-B072CA804354}.AppStore|Any CPU.Build.0 = Release|Any CPU
		{01A062B6-2A5C-4055-B115-B072CA804354}.AppStore|Any CPU.Deploy.0 = Release|Any CPU
		{01A062B6-2A5C-4055-B115-B072CA804354}.AppStore|iPhone.ActiveCfg = Release|Any CPU
		{01A062B6-2A5C-4055-B115-B072CA804354}.AppStore|iPhone.Build.0 = Release|Any CPU
		{01A062B6-2A5C-4055-B115-B072CA804354}.AppStore|iPhone.Deploy.0 = Release|Any CPU
		{01A062B6-2A5C-4055-B115-B072CA804354}.AppStore|iPhoneSimulator.ActiveCfg = Release|Any CPU
		{01A062B6-2A5C-4055-B115-B072CA804354}.AppStore|iPhoneSimulator.Build.0 = Release|Any CPU
		{01A062B6-2A5C-4055-B115-B072CA804354}.AppStore|iPhoneSimulator.Deploy.0 = Release|Any CPU
		{01A062B6-2A5C-4055-B115-B072CA804354}.Debug|Any CPU.ActiveCfg = Debug|Any CPU
		{01A062B6-2A5C-4055-B115-B072CA804354}.Debug|Any CPU.Build.0 = Debug|Any CPU
		{01A062B6-2A5C-4055-B115-B072CA804354}.Debug|Any CPU.Deploy.0 = Debug|Any CPU
		{01A062B6-2A5C-4055-B115-B072CA804354}.Debug|iPhone.ActiveCfg = Debug|Any CPU
		{01A062B6-2A5C-4055-B115-B072CA804354}.Debug|iPhone.Build.0 = Debug|Any CPU
		{01A062B6-2A5C-4055-B115-B072CA804354}.Debug|iPhone.Deploy.0 = Debug|Any CPU
		{01A062B6-2A5C-4055-B115-B072CA804354}.Debug|iPhoneSimulator.ActiveCfg = Debug|Any CPU
		{01A062B6-2A5C-4055-B115-B072CA804354}.Debug|iPhoneSimulator.Build.0 = Debug|Any CPU
		{01A062B6-2A5C-4055-B115-B072CA804354}.Debug|iPhoneSimulator.Deploy.0 = Debug|Any CPU
		{01A062B6-2A5C-4055-B115-B072CA804354}.Release|Any CPU.ActiveCfg = Release|Any CPU
		{01A062B6-2A5C-4055-B115-B072CA804354}.Release|Any CPU.Build.0 = Release|Any CPU
		{01A062B6-2A5C-4055-B115-B072CA804354}.Release|Any CPU.Deploy.0 = Release|Any CPU
		{01A062B6-2A5C-4055-B115-B072CA804354}.Release|iPhone.ActiveCfg = Release|Any CPU
		{01A062B6-2A5C-4055-B115-B072CA804354}.Release|iPhone.Build.0 = Release|Any CPU
		{01A062B6-2A5C-4055-B115-B072CA804354}.Release|iPhone.Deploy.0 = Release|Any CPU
		{01A062B6-2A5C-4055-B115-B072CA804354}.Release|iPhoneSimulator.ActiveCfg = Release|Any CPU
		{01A062B6-2A5C-4055-B115-B072CA804354}.Release|iPhoneSimulator.Build.0 = Release|Any CPU
		{01A062B6-2A5C-4055-B115-B072CA804354}.Release|iPhoneSimulator.Deploy.0 = Release|Any CPU
		{325E29E5-10C8-4A30-83D9-ADBB2D5594BA}.Ad-Hoc|Any CPU.ActiveCfg = Release|Any CPU
		{325E29E5-10C8-4A30-83D9-ADBB2D5594BA}.Ad-Hoc|Any CPU.Build.0 = Release|Any CPU
		{325E29E5-10C8-4A30-83D9-ADBB2D5594BA}.Ad-Hoc|Any CPU.Deploy.0 = Release|Any CPU
		{325E29E5-10C8-4A30-83D9-ADBB2D5594BA}.Ad-Hoc|iPhone.ActiveCfg = Release|Any CPU
		{325E29E5-10C8-4A30-83D9-ADBB2D5594BA}.Ad-Hoc|iPhone.Build.0 = Release|Any CPU
		{325E29E5-10C8-4A30-83D9-ADBB2D5594BA}.Ad-Hoc|iPhone.Deploy.0 = Release|Any CPU
		{325E29E5-10C8-4A30-83D9-ADBB2D5594BA}.Ad-Hoc|iPhoneSimulator.ActiveCfg = Release|Any CPU
		{325E29E5-10C8-4A30-83D9-ADBB2D5594BA}.Ad-Hoc|iPhoneSimulator.Build.0 = Release|Any CPU
		{325E29E5-10C8-4A30-83D9-ADBB2D5594BA}.Ad-Hoc|iPhoneSimulator.Deploy.0 = Release|Any CPU
		{325E29E5-10C8-4A30-83D9-ADBB2D5594BA}.AppStore|Any CPU.ActiveCfg = Release|Any CPU
		{325E29E5-10C8-4A30-83D9-ADBB2D5594BA}.AppStore|Any CPU.Build.0 = Release|Any CPU
		{325E29E5-10C8-4A30-83D9-ADBB2D5594BA}.AppStore|Any CPU.Deploy.0 = Release|Any CPU
		{325E29E5-10C8-4A30-83D9-ADBB2D5594BA}.AppStore|iPhone.ActiveCfg = Release|Any CPU
		{325E29E5-10C8-4A30-83D9-ADBB2D5594BA}.AppStore|iPhone.Build.0 = Release|Any CPU
		{325E29E5-10C8-4A30-83D9-ADBB2D5594BA}.AppStore|iPhone.Deploy.0 = Release|Any CPU
		{325E29E5-10C8-4A30-83D9-ADBB2D5594BA}.AppStore|iPhoneSimulator.ActiveCfg = Release|Any CPU
		{325E29E5-10C8-4A30-83D9-ADBB2D5594BA}.AppStore|iPhoneSimulator.Build.0 = Release|Any CPU
		{325E29E5-10C8-4A30-83D9-ADBB2D5594BA}.AppStore|iPhoneSimulator.Deploy.0 = Release|Any CPU
		{325E29E5-10C8-4A30-83D9-ADBB2D5594BA}.Debug|Any CPU.ActiveCfg = Debug|Any CPU
		{325E29E5-10C8-4A30-83D9-ADBB2D5594BA}.Debug|Any CPU.Build.0 = Debug|Any CPU
		{325E29E5-10C8-4A30-83D9-ADBB2D5594BA}.Debug|Any CPU.Deploy.0 = Debug|Any CPU
		{325E29E5-10C8-4A30-83D9-ADBB2D5594BA}.Debug|iPhone.ActiveCfg = Debug|Any CPU
		{325E29E5-10C8-4A30-83D9-ADBB2D5594BA}.Debug|iPhone.Build.0 = Debug|Any CPU
		{325E29E5-10C8-4A30-83D9-ADBB2D5594BA}.Debug|iPhone.Deploy.0 = Debug|Any CPU
		{325E29E5-10C8-4A30-83D9-ADBB2D5594BA}.Debug|iPhoneSimulator.ActiveCfg = Debug|Any CPU
		{325E29E5-10C8-4A30-83D9-ADBB2D5594BA}.Debug|iPhoneSimulator.Build.0 = Debug|Any CPU
		{325E29E5-10C8-4A30-83D9-ADBB2D5594BA}.Debug|iPhoneSimulator.Deploy.0 = Debug|Any CPU
		{325E29E5-10C8-4A30-83D9-ADBB2D5594BA}.Release|Any CPU.ActiveCfg = Release|Any CPU
		{325E29E5-10C8-4A30-83D9-ADBB2D5594BA}.Release|Any CPU.Build.0 = Release|Any CPU
		{325E29E5-10C8-4A30-83D9-ADBB2D5594BA}.Release|Any CPU.Deploy.0 = Release|Any CPU
		{325E29E5-10C8-4A30-83D9-ADBB2D5594BA}.Release|iPhone.ActiveCfg = Release|Any CPU
		{325E29E5-10C8-4A30-83D9-ADBB2D5594BA}.Release|iPhone.Build.0 = Release|Any CPU
		{325E29E5-10C8-4A30-83D9-ADBB2D5594BA}.Release|iPhone.Deploy.0 = Release|Any CPU
		{325E29E5-10C8-4A30-83D9-ADBB2D5594BA}.Release|iPhoneSimulator.ActiveCfg = Release|Any CPU
		{325E29E5-10C8-4A30-83D9-ADBB2D5594BA}.Release|iPhoneSimulator.Build.0 = Release|Any CPU
		{325E29E5-10C8-4A30-83D9-ADBB2D5594BA}.Release|iPhoneSimulator.Deploy.0 = Release|Any CPU
	EndGlobalSection
	GlobalSection(SolutionProperties) = preSolution
		HideSolutionNode = FALSE
	EndGlobalSection
	GlobalSection(NestedProjects) = preSolution
		{BBB8B0E8-0B2F-4F7D-8B90-80814BD58811} = {FA66A2B0-29D8-441B-B7AB-C6DFB2C3F330}
		{B41D8E70-9819-4DBA-B88C-749CC0CA010B} = {FA66A2B0-29D8-441B-B7AB-C6DFB2C3F330}
		{DDA0B77A-17B0-4680-9A8A-43294FAB61C6} = {FA66A2B0-29D8-441B-B7AB-C6DFB2C3F330}
		{34A200A6-124A-4E33-90E8-0BB3B0A2CD31} = {8B73F7F4-E45E-42C2-8E2E-31410617BBCD}
		{D3F99BED-D4C3-433D-BBC8-EAE9CD4C02AC} = {8B73F7F4-E45E-42C2-8E2E-31410617BBCD}
		{57CA5644-9018-4D4C-A654-5AB4A9247CA0} = {8B73F7F4-E45E-42C2-8E2E-31410617BBCD}
		{F5E8F920-32CB-4701-8BE1-2DEEF2085500} = {A0DCD6D0-44AB-4472-B9F5-B880141711ED}
		{0911C7DB-3839-4305-9306-A83BB5D4B64E} = {A0DCD6D0-44AB-4472-B9F5-B880141711ED}
		{C971E1FE-EB49-4DE7-9063-B75B92B143B8} = {A0DCD6D0-44AB-4472-B9F5-B880141711ED}
		{C2FA45E0-2584-4FDD-A0C0-6F25FAFC6E42} = {FE85135A-D790-4C95-A4FD-EF5D8F7B1CC7}
		{7B360915-AB3B-4B61-BC89-993C37205A70} = {FE85135A-D790-4C95-A4FD-EF5D8F7B1CC7}
		{01A062B6-2A5C-4055-B115-B072CA804354} = {FE85135A-D790-4C95-A4FD-EF5D8F7B1CC7}
	EndGlobalSection
EndGlobal
