
Microsoft Visual Studio Solution File, Format Version 12.00
# Visual Studio 14
VisualStudioVersion = 14.0.25420.1
MinimumVisualStudioVersion = 10.0.40219.1
Project("{D954291E-2A0B-460D-934E-DC6B0785DB48}") = "AppLocalization", "AppLocalization\AppLocalization\AppLocalization.shproj", "{7D362BE6-D4E1-48EE-A02D-B7D7CD54BF18}"
EndProject
Project("{FAE04EC0-301F-11D3-BF4B-00C04F79EFBC}") = "AppLocalization.Droid", "AppLocalization\AppLocalization.Droid\AppLocalization.Droid.csproj", "{C14A37BC-12AF-48EE-8311-E77E9F471C04}"
EndProject
Project("{FAE04EC0-301F-11D3-BF4B-00C04F79EFBC}") = "AppLocalization.iOS", "AppLocalization\AppLocalization.iOS\AppLocalization.iOS.csproj", "{1A225435-BD9A-46AE-994C-19DFAB40B3EB}"
EndProject
Global
	GlobalSection(SharedMSBuildProjectFiles) = preSolution
		AppLocalization\AppLocalization\AppLocalization.projitems*{1a225435-bd9a-46ae-994c-19dfab40b3eb}*SharedItemsImports = 4
		AppLocalization\AppLocalization\AppLocalization.projitems*{7d362be6-d4e1-48ee-a02d-b7d7cd54bf18}*SharedItemsImports = 13
		AppLocalization\AppLocalization\AppLocalization.projitems*{c14a37bc-12af-48ee-8311-e77e9f471c04}*SharedItemsImports = 4
	EndGlobalSection
	GlobalSection(SolutionConfigurationPlatforms) = preSolution
		Ad-Hoc|Any CPU = Ad-Hoc|Any CPU
		Ad-Hoc|ARM = Ad-Hoc|ARM
		Ad-Hoc|iPhone = Ad-Hoc|iPhone
		Ad-Hoc|iPhoneSimulator = Ad-Hoc|iPhoneSimulator
		Ad-Hoc|x64 = Ad-Hoc|x64
		Ad-Hoc|x86 = Ad-Hoc|x86
		AppStore|Any CPU = AppStore|Any CPU
		AppStore|ARM = AppStore|ARM
		AppStore|iPhone = AppStore|iPhone
		AppStore|iPhoneSimulator = AppStore|iPhoneSimulator
		AppStore|x64 = AppStore|x64
		AppStore|x86 = AppStore|x86
		Debug|Any CPU = Debug|Any CPU
		Debug|ARM = Debug|ARM
		Debug|iPhone = Debug|iPhone
		Debug|iPhoneSimulator = Debug|iPhoneSimulator
		Debug|x64 = Debug|x64
		Debug|x86 = Debug|x86
		Release|Any CPU = Release|Any CPU
		Release|ARM = Release|ARM
		Release|iPhone = Release|iPhone
		Release|iPhoneSimulator = Release|iPhoneSimulator
		Release|x64 = Release|x64
		Release|x86 = Release|x86
	EndGlobalSection
	GlobalSection(ProjectConfigurationPlatforms) = postSolution
		{C14A37BC-12AF-48EE-8311-E77E9F471C04}.Ad-Hoc|Any CPU.ActiveCfg = Release|Any CPU
		{C14A37BC-12AF-48EE-8311-E77E9F471C04}.Ad-Hoc|Any CPU.Build.0 = Release|Any CPU
		{C14A37BC-12AF-48EE-8311-E77E9F471C04}.Ad-Hoc|Any CPU.Deploy.0 = Release|Any CPU
		{C14A37BC-12AF-48EE-8311-E77E9F471C04}.Ad-Hoc|ARM.ActiveCfg = Release|Any CPU
		{C14A37BC-12AF-48EE-8311-E77E9F471C04}.Ad-Hoc|ARM.Build.0 = Release|Any CPU
		{C14A37BC-12AF-48EE-8311-E77E9F471C04}.Ad-Hoc|ARM.Deploy.0 = Release|Any CPU
		{C14A37BC-12AF-48EE-8311-E77E9F471C04}.Ad-Hoc|iPhone.ActiveCfg = Release|Any CPU
		{C14A37BC-12AF-48EE-8311-E77E9F471C04}.Ad-Hoc|iPhone.Build.0 = Release|Any CPU
		{C14A37BC-12AF-48EE-8311-E77E9F471C04}.Ad-Hoc|iPhone.Deploy.0 = Release|Any CPU
		{C14A37BC-12AF-48EE-8311-E77E9F471C04}.Ad-Hoc|iPhoneSimulator.ActiveCfg = Release|Any CPU
		{C14A37BC-12AF-48EE-8311-E77E9F471C04}.Ad-Hoc|iPhoneSimulator.Build.0 = Release|Any CPU
		{C14A37BC-12AF-48EE-8311-E77E9F471C04}.Ad-Hoc|iPhoneSimulator.Deploy.0 = Release|Any CPU
		{C14A37BC-12AF-48EE-8311-E77E9F471C04}.Ad-Hoc|x64.ActiveCfg = Release|Any CPU
		{C14A37BC-12AF-48EE-8311-E77E9F471C04}.Ad-Hoc|x64.Build.0 = Release|Any CPU
		{C14A37BC-12AF-48EE-8311-E77E9F471C04}.Ad-Hoc|x64.Deploy.0 = Release|Any CPU
		{C14A37BC-12AF-48EE-8311-E77E9F471C04}.Ad-Hoc|x86.ActiveCfg = Release|Any CPU
		{C14A37BC-12AF-48EE-8311-E77E9F471C04}.Ad-Hoc|x86.Build.0 = Release|Any CPU
		{C14A37BC-12AF-48EE-8311-E77E9F471C04}.Ad-Hoc|x86.Deploy.0 = Release|Any CPU
		{C14A37BC-12AF-48EE-8311-E77E9F471C04}.AppStore|Any CPU.ActiveCfg = Release|Any CPU
		{C14A37BC-12AF-48EE-8311-E77E9F471C04}.AppStore|Any CPU.Build.0 = Release|Any CPU
		{C14A37BC-12AF-48EE-8311-E77E9F471C04}.AppStore|Any CPU.Deploy.0 = Release|Any CPU
		{C14A37BC-12AF-48EE-8311-E77E9F471C04}.AppStore|ARM.ActiveCfg = Release|Any CPU
		{C14A37BC-12AF-48EE-8311-E77E9F471C04}.AppStore|ARM.Build.0 = Release|Any CPU
		{C14A37BC-12AF-48EE-8311-E77E9F471C04}.AppStore|ARM.Deploy.0 = Release|Any CPU
		{C14A37BC-12AF-48EE-8311-E77E9F471C04}.AppStore|iPhone.ActiveCfg = Release|Any CPU
		{C14A37BC-12AF-48EE-8311-E77E9F471C04}.AppStore|iPhone.Build.0 = Release|Any CPU
		{C14A37BC-12AF-48EE-8311-E77E9F471C04}.AppStore|iPhone.Deploy.0 = Release|Any CPU
		{C14A37BC-12AF-48EE-8311-E77E9F471C04}.AppStore|iPhoneSimulator.ActiveCfg = Release|Any CPU
		{C14A37BC-12AF-48EE-8311-E77E9F471C04}.AppStore|iPhoneSimulator.Build.0 = Release|Any CPU
		{C14A37BC-12AF-48EE-8311-E77E9F471C04}.AppStore|iPhoneSimulator.Deploy.0 = Release|Any CPU
		{C14A37BC-12AF-48EE-8311-E77E9F471C04}.AppStore|x64.ActiveCfg = Release|Any CPU
		{C14A37BC-12AF-48EE-8311-E77E9F471C04}.AppStore|x64.Build.0 = Release|Any CPU
		{C14A37BC-12AF-48EE-8311-E77E9F471C04}.AppStore|x64.Deploy.0 = Release|Any CPU
		{C14A37BC-12AF-48EE-8311-E77E9F471C04}.AppStore|x86.ActiveCfg = Release|Any CPU
		{C14A37BC-12AF-48EE-8311-E77E9F471C04}.AppStore|x86.Build.0 = Release|Any CPU
		{C14A37BC-12AF-48EE-8311-E77E9F471C04}.AppStore|x86.Deploy.0 = Release|Any CPU
		{C14A37BC-12AF-48EE-8311-E77E9F471C04}.Debug|Any CPU.ActiveCfg = Debug|Any CPU
		{C14A37BC-12AF-48EE-8311-E77E9F471C04}.Debug|Any CPU.Build.0 = Debug|Any CPU
		{C14A37BC-12AF-48EE-8311-E77E9F471C04}.Debug|Any CPU.Deploy.0 = Debug|Any CPU
		{C14A37BC-12AF-48EE-8311-E77E9F471C04}.Debug|ARM.ActiveCfg = Debug|Any CPU
		{C14A37BC-12AF-48EE-8311-E77E9F471C04}.Debug|ARM.Build.0 = Debug|Any CPU
		{C14A37BC-12AF-48EE-8311-E77E9F471C04}.Debug|ARM.Deploy.0 = Debug|Any CPU
		{C14A37BC-12AF-48EE-8311-E77E9F471C04}.Debug|iPhone.ActiveCfg = Debug|Any CPU
		{C14A37BC-12AF-48EE-8311-E77E9F471C04}.Debug|iPhone.Build.0 = Debug|Any CPU
		{C14A37BC-12AF-48EE-8311-E77E9F471C04}.Debug|iPhone.Deploy.0 = Debug|Any CPU
		{C14A37BC-12AF-48EE-8311-E77E9F471C04}.Debug|iPhoneSimulator.ActiveCfg = Debug|Any CPU
		{C14A37BC-12AF-48EE-8311-E77E9F471C04}.Debug|iPhoneSimulator.Build.0 = Debug|Any CPU
		{C14A37BC-12AF-48EE-8311-E77E9F471C04}.Debug|iPhoneSimulator.Deploy.0 = Debug|Any CPU
		{C14A37BC-12AF-48EE-8311-E77E9F471C04}.Debug|x64.ActiveCfg = Debug|Any CPU
		{C14A37BC-12AF-48EE-8311-E77E9F471C04}.Debug|x64.Build.0 = Debug|Any CPU
		{C14A37BC-12AF-48EE-8311-E77E9F471C04}.Debug|x64.Deploy.0 = Debug|Any CPU
		{C14A37BC-12AF-48EE-8311-E77E9F471C04}.Debug|x86.ActiveCfg = Debug|Any CPU
		{C14A37BC-12AF-48EE-8311-E77E9F471C04}.Debug|x86.Build.0 = Debug|Any CPU
		{C14A37BC-12AF-48EE-8311-E77E9F471C04}.Debug|x86.Deploy.0 = Debug|Any CPU
		{C14A37BC-12AF-48EE-8311-E77E9F471C04}.Release|Any CPU.ActiveCfg = Release|Any CPU
		{C14A37BC-12AF-48EE-8311-E77E9F471C04}.Release|Any CPU.Build.0 = Release|Any CPU
		{C14A37BC-12AF-48EE-8311-E77E9F471C04}.Release|Any CPU.Deploy.0 = Release|Any CPU
		{C14A37BC-12AF-48EE-8311-E77E9F471C04}.Release|ARM.ActiveCfg = Release|Any CPU
		{C14A37BC-12AF-48EE-8311-E77E9F471C04}.Release|ARM.Build.0 = Release|Any CPU
		{C14A37BC-12AF-48EE-8311-E77E9F471C04}.Release|ARM.Deploy.0 = Release|Any CPU
		{C14A37BC-12AF-48EE-8311-E77E9F471C04}.Release|iPhone.ActiveCfg = Release|Any CPU
		{C14A37BC-12AF-48EE-8311-E77E9F471C04}.Release|iPhone.Build.0 = Release|Any CPU
		{C14A37BC-12AF-48EE-8311-E77E9F471C04}.Release|iPhone.Deploy.0 = Release|Any CPU
		{C14A37BC-12AF-48EE-8311-E77E9F471C04}.Release|iPhoneSimulator.ActiveCfg = Release|Any CPU
		{C14A37BC-12AF-48EE-8311-E77E9F471C04}.Release|iPhoneSimulator.Build.0 = Release|Any CPU
		{C14A37BC-12AF-48EE-8311-E77E9F471C04}.Release|iPhoneSimulator.Deploy.0 = Release|Any CPU
		{C14A37BC-12AF-48EE-8311-E77E9F471C04}.Release|x64.ActiveCfg = Release|Any CPU
		{C14A37BC-12AF-48EE-8311-E77E9F471C04}.Release|x64.Build.0 = Release|Any CPU
		{C14A37BC-12AF-48EE-8311-E77E9F471C04}.Release|x64.Deploy.0 = Release|Any CPU
		{C14A37BC-12AF-48EE-8311-E77E9F471C04}.Release|x86.ActiveCfg = Release|Any CPU
		{C14A37BC-12AF-48EE-8311-E77E9F471C04}.Release|x86.Build.0 = Release|Any CPU
		{C14A37BC-12AF-48EE-8311-E77E9F471C04}.Release|x86.Deploy.0 = Release|Any CPU
		{1A225435-BD9A-46AE-994C-19DFAB40B3EB}.Ad-Hoc|Any CPU.ActiveCfg = Ad-Hoc|iPhone
		{1A225435-BD9A-46AE-994C-19DFAB40B3EB}.Ad-Hoc|ARM.ActiveCfg = Ad-Hoc|iPhone
		{1A225435-BD9A-46AE-994C-19DFAB40B3EB}.Ad-Hoc|iPhone.ActiveCfg = Ad-Hoc|iPhone
		{1A225435-BD9A-46AE-994C-19DFAB40B3EB}.Ad-Hoc|iPhone.Build.0 = Ad-Hoc|iPhone
		{1A225435-BD9A-46AE-994C-19DFAB40B3EB}.Ad-Hoc|iPhoneSimulator.ActiveCfg = Ad-Hoc|iPhoneSimulator
		{1A225435-BD9A-46AE-994C-19DFAB40B3EB}.Ad-Hoc|iPhoneSimulator.Build.0 = Ad-Hoc|iPhoneSimulator
		{1A225435-BD9A-46AE-994C-19DFAB40B3EB}.Ad-Hoc|x64.ActiveCfg = Ad-Hoc|iPhone
		{1A225435-BD9A-46AE-994C-19DFAB40B3EB}.Ad-Hoc|x86.ActiveCfg = Ad-Hoc|iPhone
		{1A225435-BD9A-46AE-994C-19DFAB40B3EB}.AppStore|Any CPU.ActiveCfg = AppStore|iPhone
		{1A225435-BD9A-46AE-994C-19DFAB40B3EB}.AppStore|ARM.ActiveCfg = AppStore|iPhone
		{1A225435-BD9A-46AE-994C-19DFAB40B3EB}.AppStore|iPhone.ActiveCfg = AppStore|iPhone
		{1A225435-BD9A-46AE-994C-19DFAB40B3EB}.AppStore|iPhone.Build.0 = AppStore|iPhone
		{1A225435-BD9A-46AE-994C-19DFAB40B3EB}.AppStore|iPhoneSimulator.ActiveCfg = AppStore|iPhoneSimulator
		{1A225435-BD9A-46AE-994C-19DFAB40B3EB}.AppStore|iPhoneSimulator.Build.0 = AppStore|iPhoneSimulator
		{1A225435-BD9A-46AE-994C-19DFAB40B3EB}.AppStore|x64.ActiveCfg = AppStore|iPhone
		{1A225435-BD9A-46AE-994C-19DFAB40B3EB}.AppStore|x86.ActiveCfg = AppStore|iPhone
		{1A225435-BD9A-46AE-994C-19DFAB40B3EB}.Debug|Any CPU.ActiveCfg = Debug|iPhone
		{1A225435-BD9A-46AE-994C-19DFAB40B3EB}.Debug|ARM.ActiveCfg = Debug|iPhone
		{1A225435-BD9A-46AE-994C-19DFAB40B3EB}.Debug|iPhone.ActiveCfg = Debug|iPhone
		{1A225435-BD9A-46AE-994C-19DFAB40B3EB}.Debug|iPhone.Build.0 = Debug|iPhone
		{1A225435-BD9A-46AE-994C-19DFAB40B3EB}.Debug|iPhoneSimulator.ActiveCfg = Debug|iPhoneSimulator
		{1A225435-BD9A-46AE-994C-19DFAB40B3EB}.Debug|iPhoneSimulator.Build.0 = Debug|iPhoneSimulator
		{1A225435-BD9A-46AE-994C-19DFAB40B3EB}.Debug|x64.ActiveCfg = Debug|iPhone
		{1A225435-BD9A-46AE-994C-19DFAB40B3EB}.Debug|x86.ActiveCfg = Debug|iPhone
		{1A225435-BD9A-46AE-994C-19DFAB40B3EB}.Release|Any CPU.ActiveCfg = Release|iPhone
		{1A225435-BD9A-46AE-994C-19DFAB40B3EB}.Release|ARM.ActiveCfg = Release|iPhone
		{1A225435-BD9A-46AE-994C-19DFAB40B3EB}.Release|iPhone.ActiveCfg = Release|iPhone
		{1A225435-BD9A-46AE-994C-19DFAB40B3EB}.Release|iPhone.Build.0 = Release|iPhone
		{1A225435-BD9A-46AE-994C-19DFAB40B3EB}.Release|iPhoneSimulator.ActiveCfg = Release|iPhoneSimulator
		{1A225435-BD9A-46AE-994C-19DFAB40B3EB}.Release|iPhoneSimulator.Build.0 = Release|iPhoneSimulator
		{1A225435-BD9A-46AE-994C-19DFAB40B3EB}.Release|x64.ActiveCfg = Release|iPhone
		{1A225435-BD9A-46AE-994C-19DFAB40B3EB}.Release|x86.ActiveCfg = Release|iPhone
	EndGlobalSection
	GlobalSection(SolutionProperties) = preSolution
		HideSolutionNode = FALSE
	EndGlobalSection
EndGlobal
