
Microsoft Visual Studio Solution File, Format Version 12.00
# Visual Studio 14
VisualStudioVersion = 14.0.25420.1
MinimumVisualStudioVersion = 10.0.40219.1
Project("{D954291E-2A0B-460D-934E-DC6B0785DB48}") = "CompressedVideoDemo", "CompressedVideoDemo\CompressedVideoDemo\CompressedVideoDemo.shproj", "{E70FC912-CC61-4424-B310-8C38E7F91FE3}"
EndProject
Project("{FAE04EC0-301F-11D3-BF4B-00C04F79EFBC}") = "CompressedVideoDemo.Android", "CompressedVideoDemo\CompressedVideoDemo.Android\CompressedVideoDemo.Android.csproj", "{CCD0C733-BD99-444C-A9BD-2F491256F45F}"
EndProject
Project("{FAE04EC0-301F-11D3-BF4B-00C04F79EFBC}") = "CompressedVideoDemo.iOS", "CompressedVideoDemo\CompressedVideoDemo.iOS\CompressedVideoDemo.iOS.csproj", "{0B3DA793-E73F-4249-986F-4F31A4DCB81B}"
EndProject
Global
	GlobalSection(SharedMSBuildProjectFiles) = preSolution
		CompressedVideoDemo\CompressedVideoDemo\CompressedVideoDemo.projitems*{0b3da793-e73f-4249-986f-4f31a4dcb81b}*SharedItemsImports = 4
		CompressedVideoDemo\CompressedVideoDemo\CompressedVideoDemo.projitems*{ccd0c733-bd99-444c-a9bd-2f491256f45f}*SharedItemsImports = 4
		CompressedVideoDemo\CompressedVideoDemo\CompressedVideoDemo.projitems*{e70fc912-cc61-4424-b310-8c38e7f91fe3}*SharedItemsImports = 13
	EndGlobalSection
	GlobalSection(SolutionConfigurationPlatforms) = preSolution
		Ad-Hoc|Any CPU = Ad-Hoc|Any CPU
		Ad-Hoc|iPhone = Ad-Hoc|iPhone
		Ad-Hoc|iPhoneSimulator = Ad-Hoc|iPhoneSimulator
		AppStore|Any CPU = AppStore|Any CPU
		AppStore|iPhone = AppStore|iPhone
		AppStore|iPhoneSimulator = AppStore|iPhoneSimulator
		Debug|Any CPU = Debug|Any CPU
		Debug|iPhone = Debug|iPhone
		Debug|iPhoneSimulator = Debug|iPhoneSimulator
		Release|Any CPU = Release|Any CPU
		Release|iPhone = Release|iPhone
		Release|iPhoneSimulator = Release|iPhoneSimulator
	EndGlobalSection
	GlobalSection(ProjectConfigurationPlatforms) = postSolution
		{CCD0C733-BD99-444C-A9BD-2F491256F45F}.Ad-Hoc|Any CPU.ActiveCfg = Release|Any CPU
		{CCD0C733-BD99-444C-A9BD-2F491256F45F}.Ad-Hoc|Any CPU.Build.0 = Release|Any CPU
		{CCD0C733-BD99-444C-A9BD-2F491256F45F}.Ad-Hoc|Any CPU.Deploy.0 = Release|Any CPU
		{CCD0C733-BD99-444C-A9BD-2F491256F45F}.Ad-Hoc|iPhone.ActiveCfg = Release|Any CPU
		{CCD0C733-BD99-444C-A9BD-2F491256F45F}.Ad-Hoc|iPhone.Build.0 = Release|Any CPU
		{CCD0C733-BD99-444C-A9BD-2F491256F45F}.Ad-Hoc|iPhone.Deploy.0 = Release|Any CPU
		{CCD0C733-BD99-444C-A9BD-2F491256F45F}.Ad-Hoc|iPhoneSimulator.ActiveCfg = Release|Any CPU
		{CCD0C733-BD99-444C-A9BD-2F491256F45F}.Ad-Hoc|iPhoneSimulator.Build.0 = Release|Any CPU
		{CCD0C733-BD99-444C-A9BD-2F491256F45F}.Ad-Hoc|iPhoneSimulator.Deploy.0 = Release|Any CPU
		{CCD0C733-BD99-444C-A9BD-2F491256F45F}.AppStore|Any CPU.ActiveCfg = Release|Any CPU
		{CCD0C733-BD99-444C-A9BD-2F491256F45F}.AppStore|Any CPU.Build.0 = Release|Any CPU
		{CCD0C733-BD99-444C-A9BD-2F491256F45F}.AppStore|Any CPU.Deploy.0 = Release|Any CPU
		{CCD0C733-BD99-444C-A9BD-2F491256F45F}.AppStore|iPhone.ActiveCfg = Release|Any CPU
		{CCD0C733-BD99-444C-A9BD-2F491256F45F}.AppStore|iPhone.Build.0 = Release|Any CPU
		{CCD0C733-BD99-444C-A9BD-2F491256F45F}.AppStore|iPhone.Deploy.0 = Release|Any CPU
		{CCD0C733-BD99-444C-A9BD-2F491256F45F}.AppStore|iPhoneSimulator.ActiveCfg = Release|Any CPU
		{CCD0C733-BD99-444C-A9BD-2F491256F45F}.AppStore|iPhoneSimulator.Build.0 = Release|Any CPU
		{CCD0C733-BD99-444C-A9BD-2F491256F45F}.AppStore|iPhoneSimulator.Deploy.0 = Release|Any CPU
		{CCD0C733-BD99-444C-A9BD-2F491256F45F}.Debug|Any CPU.ActiveCfg = Debug|Any CPU
		{CCD0C733-BD99-444C-A9BD-2F491256F45F}.Debug|Any CPU.Build.0 = Debug|Any CPU
		{CCD0C733-BD99-444C-A9BD-2F491256F45F}.Debug|Any CPU.Deploy.0 = Debug|Any CPU
		{CCD0C733-BD99-444C-A9BD-2F491256F45F}.Debug|iPhone.ActiveCfg = Debug|Any CPU
		{CCD0C733-BD99-444C-A9BD-2F491256F45F}.Debug|iPhone.Build.0 = Debug|Any CPU
		{CCD0C733-BD99-444C-A9BD-2F491256F45F}.Debug|iPhone.Deploy.0 = Debug|Any CPU
		{CCD0C733-BD99-444C-A9BD-2F491256F45F}.Debug|iPhoneSimulator.ActiveCfg = Debug|Any CPU
		{CCD0C733-BD99-444C-A9BD-2F491256F45F}.Debug|iPhoneSimulator.Build.0 = Debug|Any CPU
		{CCD0C733-BD99-444C-A9BD-2F491256F45F}.Debug|iPhoneSimulator.Deploy.0 = Debug|Any CPU
		{CCD0C733-BD99-444C-A9BD-2F491256F45F}.Release|Any CPU.ActiveCfg = Release|Any CPU
		{CCD0C733-BD99-444C-A9BD-2F491256F45F}.Release|Any CPU.Build.0 = Release|Any CPU
		{CCD0C733-BD99-444C-A9BD-2F491256F45F}.Release|Any CPU.Deploy.0 = Release|Any CPU
		{CCD0C733-BD99-444C-A9BD-2F491256F45F}.Release|iPhone.ActiveCfg = Release|Any CPU
		{CCD0C733-BD99-444C-A9BD-2F491256F45F}.Release|iPhone.Build.0 = Release|Any CPU
		{CCD0C733-BD99-444C-A9BD-2F491256F45F}.Release|iPhone.Deploy.0 = Release|Any CPU
		{CCD0C733-BD99-444C-A9BD-2F491256F45F}.Release|iPhoneSimulator.ActiveCfg = Release|Any CPU
		{CCD0C733-BD99-444C-A9BD-2F491256F45F}.Release|iPhoneSimulator.Build.0 = Release|Any CPU
		{CCD0C733-BD99-444C-A9BD-2F491256F45F}.Release|iPhoneSimulator.Deploy.0 = Release|Any CPU
		{0B3DA793-E73F-4249-986F-4F31A4DCB81B}.Ad-Hoc|Any CPU.ActiveCfg = Ad-Hoc|iPhone
		{0B3DA793-E73F-4249-986F-4F31A4DCB81B}.Ad-Hoc|iPhone.ActiveCfg = Ad-Hoc|iPhone
		{0B3DA793-E73F-4249-986F-4F31A4DCB81B}.Ad-Hoc|iPhone.Build.0 = Ad-Hoc|iPhone
		{0B3DA793-E73F-4249-986F-4F31A4DCB81B}.Ad-Hoc|iPhoneSimulator.ActiveCfg = Ad-Hoc|iPhoneSimulator
		{0B3DA793-E73F-4249-986F-4F31A4DCB81B}.Ad-Hoc|iPhoneSimulator.Build.0 = Ad-Hoc|iPhoneSimulator
		{0B3DA793-E73F-4249-986F-4F31A4DCB81B}.AppStore|Any CPU.ActiveCfg = AppStore|iPhone
		{0B3DA793-E73F-4249-986F-4F31A4DCB81B}.AppStore|iPhone.ActiveCfg = AppStore|iPhone
		{0B3DA793-E73F-4249-986F-4F31A4DCB81B}.AppStore|iPhone.Build.0 = AppStore|iPhone
		{0B3DA793-E73F-4249-986F-4F31A4DCB81B}.AppStore|iPhoneSimulator.ActiveCfg = AppStore|iPhoneSimulator
		{0B3DA793-E73F-4249-986F-4F31A4DCB81B}.AppStore|iPhoneSimulator.Build.0 = AppStore|iPhoneSimulator
		{0B3DA793-E73F-4249-986F-4F31A4DCB81B}.Debug|Any CPU.ActiveCfg = Debug|iPhone
		{0B3DA793-E73F-4249-986F-4F31A4DCB81B}.Debug|iPhone.ActiveCfg = Debug|iPhone
		{0B3DA793-E73F-4249-986F-4F31A4DCB81B}.Debug|iPhone.Build.0 = Debug|iPhone
		{0B3DA793-E73F-4249-986F-4F31A4DCB81B}.Debug|iPhoneSimulator.ActiveCfg = Debug|iPhoneSimulator
		{0B3DA793-E73F-4249-986F-4F31A4DCB81B}.Debug|iPhoneSimulator.Build.0 = Debug|iPhoneSimulator
		{0B3DA793-E73F-4249-986F-4F31A4DCB81B}.Release|Any CPU.ActiveCfg = Release|iPhone
		{0B3DA793-E73F-4249-986F-4F31A4DCB81B}.Release|iPhone.ActiveCfg = Release|iPhone
		{0B3DA793-E73F-4249-986F-4F31A4DCB81B}.Release|iPhone.Build.0 = Release|iPhone
		{0B3DA793-E73F-4249-986F-4F31A4DCB81B}.Release|iPhoneSimulator.ActiveCfg = Release|iPhoneSimulator
		{0B3DA793-E73F-4249-986F-4F31A4DCB81B}.Release|iPhoneSimulator.Build.0 = Release|iPhoneSimulator
	EndGlobalSection
	GlobalSection(SolutionProperties) = preSolution
		HideSolutionNode = FALSE
	EndGlobalSection
EndGlobal
